
Microsoft Visual Studio Solution File, Format Version 12.00
# Visual Studio Version 16
VisualStudioVersion = 16.0.28803.352
MinimumVisualStudioVersion = 10.0.40219.1
Project("{FAE04EC0-301F-11D3-BF4B-00C04F79EFBC}") = "Deja'sList", "Deja'sList\Deja'sList.csproj", "{BFBE844E-767A-442C-A938-A4E6C293AE29}"
EndProject
Global
	GlobalSection(SolutionConfigurationPlatforms) = preSolution
		Debug|Any CPU = Debug|Any CPU
		Release|Any CPU = Release|Any CPU
	EndGlobalSection
	GlobalSection(ProjectConfigurationPlatforms) = postSolution
		{BFBE844E-767A-442C-A938-A4E6C293AE29}.Debug|Any CPU.ActiveCfg = Debug|Any CPU
		{BFBE844E-767A-442C-A938-A4E6C293AE29}.Debug|Any CPU.Build.0 = Debug|Any CPU
		{BFBE844E-767A-442C-A938-A4E6C293AE29}.Release|Any CPU.ActiveCfg = Release|Any CPU
		{BFBE844E-767A-442C-A938-A4E6C293AE29}.Release|Any CPU.Build.0 = Release|Any CPU
	EndGlobalSection
	GlobalSection(SolutionProperties) = preSolution
		HideSolutionNode = FALSE
	EndGlobalSection
	GlobalSection(ExtensibilityGlobals) = postSolution
		SolutionGuid = {92FC502C-EC44-4B4A-9E42-A098379F97C9}
	EndGlobalSection
EndGlobal
